{
  "originHash" : "f119e1f53e4ded959c4952b4b60b8c9567f310245b542696fce90f0d7478c373",
  "pins" : [
    {
      "identity" : "capacitor-swift-pm",
      "kind" : "remoteSourceControl",
      "location" : "https://github.com/ionic-team/capacitor-swift-pm.git",
      "state" : {
        "revision" : "ac5dacb8f1f5abf4b8297b34cfc3860d3f9202df",
        "version" : "7.6.9"
      }
    }
  ],
  "version" : 3
}
